
Microsoft Visual Studio Solution File, Format Version 12.00
# Visual Studio Version 16
VisualStudioVersion = 16.0.30717.126
MinimumVisualStudioVersion = 10.0.40219.1
Project("{FAE04EC0-301F-11D3-BF4B-00C04F79EFBC}") = "ProjectHelloWorld03", "ProjectHelloWorld03.csproj", "{A310B9B0-0DB2-4493-9FAA-FAB47232C9D9}"
EndProject
Global
	GlobalSection(SolutionConfigurationPlatforms) = preSolution
		Debug|Any CPU = Debug|Any CPU
		Release|Any CPU = Release|Any CPU
	EndGlobalSection
	GlobalSection(ProjectConfigurationPlatforms) = postSolution
		{A310B9B0-0DB2-4493-9FAA-FAB47232C9D9}.Debug|Any CPU.ActiveCfg = Debug|Any CPU
		{A310B9B0-0DB2-4493-9FAA-FAB47232C9D9}.Debug|Any CPU.Build.0 = Debug|Any CPU
		{A310B9B0-0DB2-4493-9FAA-FAB47232C9D9}.Release|Any CPU.ActiveCfg = Release|Any CPU
		{A310B9B0-0DB2-4493-9FAA-FAB47232C9D9}.Release|Any CPU.Build.0 = Release|Any CPU
	EndGlobalSection
	GlobalSection(SolutionProperties) = preSolution
		HideSolutionNode = FALSE
	EndGlobalSection
	GlobalSection(ExtensibilityGlobals) = postSolution
		SolutionGuid = {D945A0CF-4FA3-4A89-BFE2-B117D2C5D8E3}
	EndGlobalSection
EndGlobal
